
Microsoft Visual Studio Solution File, Format Version 12.00
# Visual Studio Version 17
VisualStudioVersion = 17.8.34330.188
MinimumVisualStudioVersion = 10.0.40219.1
Project("{9A19103F-16F7-4668-BE54-9A1E7A4F7556}") = "AppServiceLayer", "AppServiceLayer\AppServiceLayer.csproj", "{10C94FE0-EAE8-4E31-A887-17CD548F557D}"
EndProject
Project("{9A19103F-16F7-4668-BE54-9A1E7A4F7556}") = "APPUILayer", "AppUILayer\APPUILayer.csproj", "{C88F3EA7-1C1C-4326-892E-28DF6B3CEA86}"
EndProject
Project("{9A19103F-16F7-4668-BE54-9A1E7A4F7556}") = "DALTestLayer", "DALTestLayer\DALTestLayer.csproj", "{1595C369-1886-498E-9229-66928CBF57B3}"
EndProject
Project("{9A19103F-16F7-4668-BE54-9A1E7A4F7556}") = "NUnitMoqTest", "NUnitMoqTest\NUnitMoqTest.csproj", "{E004E252-71D9-4303-8627-40F9CD5E0BD5}"
EndProject
Global
	GlobalSection(SolutionConfigurationPlatforms) = preSolution
		Debug|Any CPU = Debug|Any CPU
		Release|Any CPU = Release|Any CPU
	EndGlobalSection
	GlobalSection(ProjectConfigurationPlatforms) = postSolution
		{10C94FE0-EAE8-4E31-A887-17CD548F557D}.Debug|Any CPU.ActiveCfg = Debug|Any CPU
		{10C94FE0-EAE8-4E31-A887-17CD548F557D}.Debug|Any CPU.Build.0 = Debug|Any CPU
		{10C94FE0-EAE8-4E31-A887-17CD548F557D}.Release|Any CPU.ActiveCfg = Release|Any CPU
		{10C94FE0-EAE8-4E31-A887-17CD548F557D}.Release|Any CPU.Build.0 = Release|Any CPU
		{C88F3EA7-1C1C-4326-892E-28DF6B3CEA86}.Debug|Any CPU.ActiveCfg = Debug|Any CPU
		{C88F3EA7-1C1C-4326-892E-28DF6B3CEA86}.Debug|Any CPU.Build.0 = Debug|Any CPU
		{C88F3EA7-1C1C-4326-892E-28DF6B3CEA86}.Release|Any CPU.ActiveCfg = Release|Any CPU
		{C88F3EA7-1C1C-4326-892E-28DF6B3CEA86}.Release|Any CPU.Build.0 = Release|Any CPU
		{1595C369-1886-498E-9229-66928CBF57B3}.Debug|Any CPU.ActiveCfg = Debug|Any CPU
		{1595C369-1886-498E-9229-66928CBF57B3}.Debug|Any CPU.Build.0 = Debug|Any CPU
		{1595C369-1886-498E-9229-66928CBF57B3}.Release|Any CPU.ActiveCfg = Release|Any CPU
		{1595C369-1886-498E-9229-66928CBF57B3}.Release|Any CPU.Build.0 = Release|Any CPU
		{E004E252-71D9-4303-8627-40F9CD5E0BD5}.Debug|Any CPU.ActiveCfg = Debug|Any CPU
		{E004E252-71D9-4303-8627-40F9CD5E0BD5}.Debug|Any CPU.Build.0 = Debug|Any CPU
		{E004E252-71D9-4303-8627-40F9CD5E0BD5}.Release|Any CPU.ActiveCfg = Release|Any CPU
		{E004E252-71D9-4303-8627-40F9CD5E0BD5}.Release|Any CPU.Build.0 = Release|Any CPU
	EndGlobalSection
	GlobalSection(SolutionProperties) = preSolution
		HideSolutionNode = FALSE
	EndGlobalSection
	GlobalSection(ExtensibilityGlobals) = postSolution
		SolutionGuid = {70F0F5E7-57E6-49DA-9F88-E3DD2D05A6FF}
	EndGlobalSection
EndGlobal
